{
  "version": 4,
  "terraform_version": "1.10.4",
  "serial": 4,
  "lineage": "01236135-dc2d-e79b-2327-62b83ae82a6f",
  "outputs": {
    "velero_irsa_role_arn": {
      "value": "arn:aws:iam::483230317383:role/velero-irsa-role",
      "type": "string"
    },
    "velero_irsa_role_name": {
      "value": "velero-irsa-role",
      "type": "string"
    }
  },
  "resources": [
    {
      "mode": "data",
      "type": "aws_caller_identity",
      "name": "current",
      "provider": "provider[\"registry.terraform.io/hashicorp/aws\"]",
      "instances": [
        {
          "schema_version": 0,
          "attributes": {
            "account_id": "483230317383",
            "arn": "arn:aws:iam::483230317383:user/AISHU",
            "id": "483230317383",
            "user_id": "AIDAXBAWFPNDW3UT4FMXP"
          },
          "sensitive_attributes": []
        }
      ]
    },
    {
      "mode": "data",
      "type": "aws_eks_cluster",
      "name": "cluster",
      "provider": "provider[\"registry.terraform.io/hashicorp/aws\"]",
      "instances": [
        {
          "schema_version": 0,
          "attributes": {
            "access_config": [
              {
                "authentication_mode": "CONFIG_MAP",
                "bootstrap_cluster_creator_admin_permissions": true
              }
            ],
            "arn": "arn:aws:eks:us-east-1:483230317383:cluster/k8s-cluster",
            "certificate_authority": [
              {
                "data": "LS0tLS1CRUdJTiBDRVJUSUZJQ0FURS0tLS0tCk1JSURCVENDQWUyZ0F3SUJBZ0lJVXZzOS9kTXY0LzB3RFFZSktvWklodmNOQVFFTEJRQXdGVEVUTUJFR0ExVUUKQXhNS2EzVmlaWEp1WlhSbGN6QWVGdzB5TlRBME1qWXdOakU0TVROYUZ3MHpOVEEwTWpRd05qSXpNVE5hTUJVeApFekFSQmdOVkJBTVRDbXQxWW1WeWJtVjBaWE13Z2dFaU1BMEdDU3FHU0liM0RRRUJBUVVBQTRJQkR3QXdnZ0VLCkFvSUJBUUN2Q1lzT3dxa0UxT0dzc2tkcDdmYjZpMUpJT2pTcGM3azVqcFF5cDlIRHhZRElvb3prWVJNSkdrc1MKUlIwZktPMDRka21uSndQMDhPRFI0SVlSaG9JMFl5bmY2YzRPd0FMcnhFd2pDZHE1L3pqT2Z0ckxQeExEYkZlSgovVUl5TnA1ZzBEN0hOK0U5TnBOMElrcGpmbHFLaDZBaERPY3ViM2Q0T3VpbUFRTWFGSGg5WGh3NjBac1hVRkNyClgrV3owREV6ak5lYzA5WCs2ZHN3SGJra0lSRmJ5OW5DK1BKLzdTSmRUOENKMVJCcXpyVWw2ZnlWNnF3cktpeU0KYWZjVEhwTUNCcDk3bFYvRkJWN3hCR2pPbldBMThxblhKbDFVTWV6UDBCeUZwSUkyWW9zaVhCMTBrSnVTOS9NMApySkxyU0FFT2poRUxtZ0VBT1YrMFVYcUk5N3hKQWdNQkFBR2pXVEJYTUE0R0ExVWREd0VCL3dRRUF3SUNwREFQCkJnTlZIUk1CQWY4RUJUQURBUUgvTUIwR0ExVWREZ1FXQkJTQnNWWWs0M1Fpc0FxRFlERUE2Qi9SVXE5VUx6QVYKQmdOVkhSRUVEakFNZ2dwcmRXSmxjbTVsZEdWek1BMEdDU3FHU0liM0RRRUJDd1VBQTRJQkFRQndDV25WaENHeApMV3NZZStuSFRzYWZiWEJGN2dpRHJuaHZsM3RKQ3NlbktFZU1tWlErQU4yelpTSStvWmtVWkRVU3Vnd1dVbUlsCkdRTXR4YmFlN1lVOEVacWJkWHNGYnZrdm8yTUVubm1qb0RrWlo2dHI0WWEweUdCa3Z2Vi9vakxiTWJzYUhyY3EKV1F5T25yRG9rUFhDZncrTHFwdmtkOXZpWDZ6MkkrKzZoazVJS0VqWDdQM1lGY3hMc3A5cGZTNVZURVFtODhQVApSdmtyU0VqTmRBMURGekNjMWxJdVdheVFsaTROZDBkUkxHL1p0UWtGK3NKS2V6ckN2dGZzVEZqUjdlUFBadUt1CndIRnFzNE1nWHVHemUxb0ZUY21RYUdXbERBeGI3VExrbUtqNHhxcGtJUkpkM0pCR2tHWGtEMCt6NThYRHBhSU4KRjN6VEwrU1g5OEJJCi0tLS0tRU5EIENFUlRJRklDQVRFLS0tLS0K"
              }
            ],
            "cluster_id": null,
            "compute_config": [],
            "created_at": "2025-04-26T06:18:36Z",
            "enabled_cluster_log_types": [],
            "endpoint": "https://ACBF2D444AE37563C18706A0B1691EEC.gr7.us-east-1.eks.amazonaws.com",
            "id": "k8s-cluster",
            "identity": [
              {
                "oidc": [
                  {
                    "issuer": "https://oidc.eks.us-east-1.amazonaws.com/id/ACBF2D444AE37563C18706A0B1691EEC"
                  }
                ]
              }
            ],
            "kubernetes_network_config": [
              {
                "elastic_load_balancing": [
                  {
                    "enabled": false
                  }
                ],
                "ip_family": "ipv4",
                "service_ipv4_cidr": "172.20.0.0/16",
                "service_ipv6_cidr": ""
              }
            ],
            "name": "k8s-cluster",
            "outpost_config": [],
            "platform_version": "eks.8",
            "remote_network_config": [],
            "role_arn": "arn:aws:iam::483230317383:role/eks-cluster-MASA1212",
            "status": "ACTIVE",
            "storage_config": [],
            "tags": {
              "alpha.eksctl.io/cluster-oidc-enabled": "true"
            },
            "upgrade_policy": [
              {
                "support_type": "EXTENDED"
              }
            ],
            "version": "1.32",
            "vpc_config": [
              {
                "cluster_security_group_id": "sg-0884f7b70e13f1762",
                "endpoint_private_access": false,
                "endpoint_public_access": true,
                "public_access_cidrs": [
                  "0.0.0.0/0"
                ],
                "security_group_ids": [],
                "subnet_ids": [
                  "subnet-0807f331c5c76da81",
                  "subnet-0aa0ac632e9c7a6e6",
                  "subnet-0c0970ae79561733b",
                  "subnet-0e2b6774e622a06e7"
                ],
                "vpc_id": "vpc-0e919a68f9e538d9c"
              }
            ],
            "zonal_shift_config": []
          },
          "sensitive_attributes": []
        }
      ]
    },
    {
      "mode": "managed",
      "type": "aws_iam_role",
      "name": "velero_irsa_role",
      "provider": "provider[\"registry.terraform.io/hashicorp/aws\"]",
      "instances": [
        {
          "schema_version": 0,
          "attributes": {
            "arn": "arn:aws:iam::483230317383:role/velero-irsa-role",
            "assume_role_policy": "{\"Statement\":[{\"Action\":\"sts:AssumeRoleWithWebIdentity\",\"Condition\":{\"StringEquals\":{\"oidc.eks.us-east-1.amazonaws.com/id/ACBF2D444AE37563C18706A0B1691EEC:sub\":\"system:serviceaccount:velero:velero\"}},\"Effect\":\"Allow\",\"Principal\":{\"Federated\":\"arn:aws:iam::483230317383:oidc-provider/oidc.eks.us-east-1.amazonaws.com/id/ACBF2D444AE37563C18706A0B1691EEC\"},\"Sid\":\"\"}],\"Version\":\"2012-10-17\"}",
            "create_date": "2025-04-27T14:45:35Z",
            "description": "",
            "force_detach_policies": false,
            "id": "velero-irsa-role",
            "inline_policy": [],
            "managed_policy_arns": [],
            "max_session_duration": 3600,
            "name": "velero-irsa-role",
            "name_prefix": "",
            "path": "/",
            "permissions_boundary": "",
            "tags": {
              "Environment": "velero"
            },
            "tags_all": {
              "Environment": "velero"
            },
            "unique_id": "AROAXBAWFPND7VQTDJTUK"
          },
          "sensitive_attributes": [],
          "private": "bnVsbA==",
          "dependencies": [
            "data.aws_caller_identity.current",
            "data.aws_eks_cluster.cluster"
          ]
        }
      ]
    },
    {
      "mode": "managed",
      "type": "aws_iam_role_policy_attachment",
      "name": "velero_irsa_policy_attachment",
      "provider": "provider[\"registry.terraform.io/hashicorp/aws\"]",
      "instances": [
        {
          "schema_version": 0,
          "attributes": {
            "id": "velero-irsa-role-20250427144537636100000001",
            "policy_arn": "arn:aws:iam::aws:policy/AmazonS3FullAccess",
            "role": "velero-irsa-role"
          },
          "sensitive_attributes": [],
          "private": "bnVsbA==",
          "dependencies": [
            "aws_iam_role.velero_irsa_role",
            "data.aws_caller_identity.current",
            "data.aws_eks_cluster.cluster"
          ]
        }
      ]
    }
  ],
  "check_results": null
}
